
Microsoft Visual Studio Solution File, Format Version 12.00
# Visual Studio Version 17
VisualStudioVersion = 17.14.36623.8 d17.14
MinimumVisualStudioVersion = 10.0.40219.1
Project("{FAE04EC0-301F-11D3-BF4B-00C04F79EFBC}") = "LocalDisasterPreventionInformationApp", "LocalDisasterPreventionInformationApp\LocalDisasterPreventionInformationApp.csproj", "{909D2AE5-1E36-4AC9-9EF9-96D89924BC38}"
EndProject
Global
	GlobalSection(SolutionConfigurationPlatforms) = preSolution
		Debug|Any CPU = Debug|Any CPU
		Release|Any CPU = Release|Any CPU
	EndGlobalSection
	GlobalSection(ProjectConfigurationPlatforms) = postSolution
		{909D2AE5-1E36-4AC9-9EF9-96D89924BC38}.Debug|Any CPU.ActiveCfg = Debug|Any CPU
		{909D2AE5-1E36-4AC9-9EF9-96D89924BC38}.Debug|Any CPU.Build.0 = Debug|Any CPU
		{909D2AE5-1E36-4AC9-9EF9-96D89924BC38}.Release|Any CPU.ActiveCfg = Release|Any CPU
		{909D2AE5-1E36-4AC9-9EF9-96D89924BC38}.Release|Any CPU.Build.0 = Release|Any CPU
	EndGlobalSection
	GlobalSection(SolutionProperties) = preSolution
		HideSolutionNode = FALSE
	EndGlobalSection
	GlobalSection(ExtensibilityGlobals) = postSolution
		SolutionGuid = {51F1FB97-F859-4409-90C7-B80B68FABF38}
	EndGlobalSection
EndGlobal
